
Microsoft Visual Studio Solution File, Format Version 12.00
# Visual Studio 15
Project("{FAE04EC0-301F-11D3-BF4B-00C04F79EFBC}") = "Assembly-CSharp", "Assembly-CSharp.csproj", "{D4DBEAEF-BD67-C902-D119-42778277D6D5}"
EndProject
Project("{FAE04EC0-301F-11D3-BF4B-00C04F79EFBC}") = "Assembly-CSharp-Editor", "Assembly-CSharp-Editor.csproj", "{1CEDE763-0323-F70E-2117-3E29D7288652}"
EndProject
Global
	GlobalSection(SolutionConfigurationPlatforms) = preSolution
		Debug|Any CPU = Debug|Any CPU
		Release|Any CPU = Release|Any CPU
	EndGlobalSection
	GlobalSection(ProjectConfigurationPlatforms) = postSolution
		{D4DBEAEF-BD67-C902-D119-42778277D6D5}.Debug|Any CPU.ActiveCfg = Debug|Any CPU
		{D4DBEAEF-BD67-C902-D119-42778277D6D5}.Debug|Any CPU.Build.0 = Debug|Any CPU
		{D4DBEAEF-BD67-C902-D119-42778277D6D5}.Release|Any CPU.ActiveCfg = Release|Any CPU
		{D4DBEAEF-BD67-C902-D119-42778277D6D5}.Release|Any CPU.Build.0 = Release|Any CPU
		{1CEDE763-0323-F70E-2117-3E29D7288652}.Debug|Any CPU.ActiveCfg = Debug|Any CPU
		{1CEDE763-0323-F70E-2117-3E29D7288652}.Debug|Any CPU.Build.0 = Debug|Any CPU
		{1CEDE763-0323-F70E-2117-3E29D7288652}.Release|Any CPU.ActiveCfg = Release|Any CPU
		{1CEDE763-0323-F70E-2117-3E29D7288652}.Release|Any CPU.Build.0 = Release|Any CPU
	EndGlobalSection
	GlobalSection(SolutionProperties) = preSolution
		HideSolutionNode = FALSE
	EndGlobalSection
EndGlobal
